
Microsoft Visual Studio Solution File, Format Version 12.00
# Visual Studio Version 17
VisualStudioVersion = 17.14.36518.9
MinimumVisualStudioVersion = 10.0.40219.1
Project("{FAE04EC0-301F-11D3-BF4B-00C04F79EFBC}") = "ToDoManager", "ToDoManager.csproj", "{15982035-CCAD-4505-91A0-2373B89F2472}"
EndProject
Global
	GlobalSection(SolutionConfigurationPlatforms) = preSolution
		Debug|Any CPU = Debug|Any CPU
		Release|Any CPU = Release|Any CPU
	EndGlobalSection
	GlobalSection(ProjectConfigurationPlatforms) = postSolution
		{15982035-CCAD-4505-91A0-2373B89F2472}.Debug|Any CPU.ActiveCfg = Debug|Any CPU
		{15982035-CCAD-4505-91A0-2373B89F2472}.Debug|Any CPU.Build.0 = Debug|Any CPU
		{15982035-CCAD-4505-91A0-2373B89F2472}.Release|Any CPU.ActiveCfg = Release|Any CPU
		{15982035-CCAD-4505-91A0-2373B89F2472}.Release|Any CPU.Build.0 = Release|Any CPU
	EndGlobalSection
	GlobalSection(SolutionProperties) = preSolution
		HideSolutionNode = FALSE
	EndGlobalSection
	GlobalSection(ExtensibilityGlobals) = postSolution
		SolutionGuid = {1CB16DA4-2CF5-4FC9-BDE1-C68AF42EB227}
	EndGlobalSection
EndGlobal
